
Microsoft Visual Studio Solution File, Format Version 12.00
# Visual Studio Version 16
VisualStudioVersion = 16.0.29201.188
MinimumVisualStudioVersion = 10.0.40219.1
Project("{FAE04EC0-301F-11D3-BF4B-00C04F79EFBC}") = "TurtleGraphics2", "TurtleGraphics2.csproj", "{8F6A1663-A633-427A-BCD1-15C93C08D851}"
EndProject
Global
	GlobalSection(SolutionConfigurationPlatforms) = preSolution
		Debug|Any CPU = Debug|Any CPU
		Release|Any CPU = Release|Any CPU
	EndGlobalSection
	GlobalSection(ProjectConfigurationPlatforms) = postSolution
		{8F6A1663-A633-427A-BCD1-15C93C08D851}.Debug|Any CPU.ActiveCfg = Debug|Any CPU
		{8F6A1663-A633-427A-BCD1-15C93C08D851}.Debug|Any CPU.Build.0 = Debug|Any CPU
		{8F6A1663-A633-427A-BCD1-15C93C08D851}.Release|Any CPU.ActiveCfg = Release|Any CPU
		{8F6A1663-A633-427A-BCD1-15C93C08D851}.Release|Any CPU.Build.0 = Release|Any CPU
	EndGlobalSection
	GlobalSection(SolutionProperties) = preSolution
		HideSolutionNode = FALSE
	EndGlobalSection
	GlobalSection(ExtensibilityGlobals) = postSolution
		SolutionGuid = {06AABFAF-6C3B-427C-B2FD-A3BE78DB5C79}
	EndGlobalSection
EndGlobal
